
Microsoft Visual Studio Solution File, Format Version 12.00
# Visual Studio Version 17
VisualStudioVersion = 17.7.34031.279
MinimumVisualStudioVersion = 10.0.40219.1
Project("{FAE04EC0-301F-11D3-BF4B-00C04F79EFBC}") = "Phase1Section3.4", "Phase1Section3.4\Phase1Section3.4.csproj", "{56D0BCD8-19D4-465C-97C4-9FDBA84B2344}"
EndProject
Global
	GlobalSection(SolutionConfigurationPlatforms) = preSolution
		Debug|Any CPU = Debug|Any CPU
		Release|Any CPU = Release|Any CPU
	EndGlobalSection
	GlobalSection(ProjectConfigurationPlatforms) = postSolution
		{56D0BCD8-19D4-465C-97C4-9FDBA84B2344}.Debug|Any CPU.ActiveCfg = Debug|Any CPU
		{56D0BCD8-19D4-465C-97C4-9FDBA84B2344}.Debug|Any CPU.Build.0 = Debug|Any CPU
		{56D0BCD8-19D4-465C-97C4-9FDBA84B2344}.Release|Any CPU.ActiveCfg = Release|Any CPU
		{56D0BCD8-19D4-465C-97C4-9FDBA84B2344}.Release|Any CPU.Build.0 = Release|Any CPU
	EndGlobalSection
	GlobalSection(SolutionProperties) = preSolution
		HideSolutionNode = FALSE
	EndGlobalSection
	GlobalSection(ExtensibilityGlobals) = postSolution
		SolutionGuid = {48402833-5FA8-4367-837E-AE19D23926E9}
	EndGlobalSection
EndGlobal
